
Microsoft Visual Studio Solution File, Format Version 12.00
# Visual Studio Version 16
VisualStudioVersion = 16.0.30804.86
MinimumVisualStudioVersion = 10.0.40219.1
Project("{9A19103F-16F7-4668-BE54-9A1E7A4F7556}") = "Reversi.Logic", "Reversi\Reversi.Logic.csproj", "{26401F83-7E4A-4A4C-B802-C954F2497282}"
EndProject
Project("{9A19103F-16F7-4668-BE54-9A1E7A4F7556}") = "Reversi.UnitTests", "Reversi.UnitTests\Reversi.UnitTests.csproj", "{E0C1FE49-3BBC-449A-81C3-DFE158695170}"
EndProject
Project("{9A19103F-16F7-4668-BE54-9A1E7A4F7556}") = "Reversi.App", "Reversi.App\Reversi.App.csproj", "{75C0B9A8-CB26-4882-9ACF-A3DA4FF17B5D}"
EndProject
Project("{2150E333-8FDC-42A3-9474-1A3956D46DE8}") = "Solution Items", "Solution Items", "{4FD688BA-FF8F-4CF4-B0A7-D3E15A6AAF6F}"
	ProjectSection(SolutionItems) = preProject
		.gitignore = .gitignore
		Readme.txt = Readme.txt
		TODO.txt = TODO.txt
	EndProjectSection
EndProject
Global
	GlobalSection(SolutionConfigurationPlatforms) = preSolution
		Debug|Any CPU = Debug|Any CPU
		Release|Any CPU = Release|Any CPU
	EndGlobalSection
	GlobalSection(ProjectConfigurationPlatforms) = postSolution
		{26401F83-7E4A-4A4C-B802-C954F2497282}.Debug|Any CPU.ActiveCfg = Debug|Any CPU
		{26401F83-7E4A-4A4C-B802-C954F2497282}.Debug|Any CPU.Build.0 = Debug|Any CPU
		{26401F83-7E4A-4A4C-B802-C954F2497282}.Release|Any CPU.ActiveCfg = Release|Any CPU
		{26401F83-7E4A-4A4C-B802-C954F2497282}.Release|Any CPU.Build.0 = Release|Any CPU
		{E0C1FE49-3BBC-449A-81C3-DFE158695170}.Debug|Any CPU.ActiveCfg = Debug|Any CPU
		{E0C1FE49-3BBC-449A-81C3-DFE158695170}.Debug|Any CPU.Build.0 = Debug|Any CPU
		{E0C1FE49-3BBC-449A-81C3-DFE158695170}.Release|Any CPU.ActiveCfg = Release|Any CPU
		{E0C1FE49-3BBC-449A-81C3-DFE158695170}.Release|Any CPU.Build.0 = Release|Any CPU
		{75C0B9A8-CB26-4882-9ACF-A3DA4FF17B5D}.Debug|Any CPU.ActiveCfg = Debug|Any CPU
		{75C0B9A8-CB26-4882-9ACF-A3DA4FF17B5D}.Debug|Any CPU.Build.0 = Debug|Any CPU
		{75C0B9A8-CB26-4882-9ACF-A3DA4FF17B5D}.Release|Any CPU.ActiveCfg = Release|Any CPU
		{75C0B9A8-CB26-4882-9ACF-A3DA4FF17B5D}.Release|Any CPU.Build.0 = Release|Any CPU
	EndGlobalSection
	GlobalSection(SolutionProperties) = preSolution
		HideSolutionNode = FALSE
	EndGlobalSection
	GlobalSection(ExtensibilityGlobals) = postSolution
		SolutionGuid = {7A5C5DA2-78E7-4B5D-93DF-6265F55CBFBA}
	EndGlobalSection
EndGlobal
